
Microsoft Visual Studio Solution File, Format Version 12.00
# Visual Studio Version 17
VisualStudioVersion = 17.9.34622.214
MinimumVisualStudioVersion = 10.0.40219.1
Project("{FAE04EC0-301F-11D3-BF4B-00C04F79EFBC}") = "1sr sem", "1sr sem.csproj", "{2151DFCB-2F5F-4980-B9CE-5321761F5ED0}"
EndProject
Global
	GlobalSection(SolutionConfigurationPlatforms) = preSolution
		Debug|Any CPU = Debug|Any CPU
		Release|Any CPU = Release|Any CPU
	EndGlobalSection
	GlobalSection(ProjectConfigurationPlatforms) = postSolution
		{2151DFCB-2F5F-4980-B9CE-5321761F5ED0}.Debug|Any CPU.ActiveCfg = Debug|Any CPU
		{2151DFCB-2F5F-4980-B9CE-5321761F5ED0}.Debug|Any CPU.Build.0 = Debug|Any CPU
		{2151DFCB-2F5F-4980-B9CE-5321761F5ED0}.Release|Any CPU.ActiveCfg = Release|Any CPU
		{2151DFCB-2F5F-4980-B9CE-5321761F5ED0}.Release|Any CPU.Build.0 = Release|Any CPU
	EndGlobalSection
	GlobalSection(SolutionProperties) = preSolution
		HideSolutionNode = FALSE
	EndGlobalSection
	GlobalSection(ExtensibilityGlobals) = postSolution
		SolutionGuid = {DE4BE7C6-B7ED-4059-A84D-F137C45B545D}
	EndGlobalSection
EndGlobal
